
Microsoft Visual Studio Solution File, Format Version 12.00
# Visual Studio Version 17
VisualStudioVersion = 17.14.36408.4 d17.14
MinimumVisualStudioVersion = 10.0.40219.1
Project("{FAE04EC0-301F-11D3-BF4B-00C04F79EFBC}") = "IdeaBid- Project Request & Management Platform", "IdeaBid- Project Request & Management Platform.csproj", "{A75A6A55-E0A4-4AAE-8A4C-73F25D1C1F0C}"
EndProject
Global
	GlobalSection(SolutionConfigurationPlatforms) = preSolution
		Debug|Any CPU = Debug|Any CPU
		Release|Any CPU = Release|Any CPU
	EndGlobalSection
	GlobalSection(ProjectConfigurationPlatforms) = postSolution
		{A75A6A55-E0A4-4AAE-8A4C-73F25D1C1F0C}.Debug|Any CPU.ActiveCfg = Debug|Any CPU
		{A75A6A55-E0A4-4AAE-8A4C-73F25D1C1F0C}.Debug|Any CPU.Build.0 = Debug|Any CPU
		{A75A6A55-E0A4-4AAE-8A4C-73F25D1C1F0C}.Release|Any CPU.ActiveCfg = Release|Any CPU
		{A75A6A55-E0A4-4AAE-8A4C-73F25D1C1F0C}.Release|Any CPU.Build.0 = Release|Any CPU
	EndGlobalSection
	GlobalSection(SolutionProperties) = preSolution
		HideSolutionNode = FALSE
	EndGlobalSection
	GlobalSection(ExtensibilityGlobals) = postSolution
		SolutionGuid = {D1610625-40B5-459F-975B-B9D7B22D07B7}
	EndGlobalSection
EndGlobal
